
Microsoft Visual Studio Solution File, Format Version 12.00
# Visual Studio Version 16
VisualStudioVersion = 16.0.31729.503
MinimumVisualStudioVersion = 10.0.40219.1
Project("{FAE04EC0-301F-11D3-BF4B-00C04F79EFBC}") = "Authorization.Api", "Authorization.Api\Authorization.Api.csproj", "{1A8C6CDE-38A2-43A8-8024-735E423E133E}"
EndProject
Project("{FAE04EC0-301F-11D3-BF4B-00C04F79EFBC}") = "IdentityServer", "IdentityServer\IdentityServer.csproj", "{44D3FB0D-548E-48A7-86B9-9AF96263EB7C}"
EndProject
Project("{FAE04EC0-301F-11D3-BF4B-00C04F79EFBC}") = "ClinentCli", "ClinentCli\ClinentCli.csproj", "{7E4FE103-0013-4CDE-A6C5-9000321B12E5}"
EndProject
Global
	GlobalSection(SolutionConfigurationPlatforms) = preSolution
		Debug|Any CPU = Debug|Any CPU
		Release|Any CPU = Release|Any CPU
	EndGlobalSection
	GlobalSection(ProjectConfigurationPlatforms) = postSolution
		{1A8C6CDE-38A2-43A8-8024-735E423E133E}.Debug|Any CPU.ActiveCfg = Debug|Any CPU
		{1A8C6CDE-38A2-43A8-8024-735E423E133E}.Debug|Any CPU.Build.0 = Debug|Any CPU
		{1A8C6CDE-38A2-43A8-8024-735E423E133E}.Release|Any CPU.ActiveCfg = Release|Any CPU
		{1A8C6CDE-38A2-43A8-8024-735E423E133E}.Release|Any CPU.Build.0 = Release|Any CPU
		{44D3FB0D-548E-48A7-86B9-9AF96263EB7C}.Debug|Any CPU.ActiveCfg = Debug|Any CPU
		{44D3FB0D-548E-48A7-86B9-9AF96263EB7C}.Debug|Any CPU.Build.0 = Debug|Any CPU
		{44D3FB0D-548E-48A7-86B9-9AF96263EB7C}.Release|Any CPU.ActiveCfg = Release|Any CPU
		{44D3FB0D-548E-48A7-86B9-9AF96263EB7C}.Release|Any CPU.Build.0 = Release|Any CPU
		{7E4FE103-0013-4CDE-A6C5-9000321B12E5}.Debug|Any CPU.ActiveCfg = Debug|Any CPU
		{7E4FE103-0013-4CDE-A6C5-9000321B12E5}.Debug|Any CPU.Build.0 = Debug|Any CPU
		{7E4FE103-0013-4CDE-A6C5-9000321B12E5}.Release|Any CPU.ActiveCfg = Release|Any CPU
		{7E4FE103-0013-4CDE-A6C5-9000321B12E5}.Release|Any CPU.Build.0 = Release|Any CPU
	EndGlobalSection
	GlobalSection(SolutionProperties) = preSolution
		HideSolutionNode = FALSE
	EndGlobalSection
	GlobalSection(ExtensibilityGlobals) = postSolution
		SolutionGuid = {21A4BBDD-8763-4C10-9186-D19274CAEE93}
	EndGlobalSection
EndGlobal
